
Microsoft Visual Studio Solution File, Format Version 12.00
# Visual Studio 14
VisualStudioVersion = 14.0.25123.0
MinimumVisualStudioVersion = 10.0.40219.1
Project("{581633EB-B896-402F-8E60-36F3DA191C85}") = "LightSwitchInvoice", "LightSwitchInvoice\LightSwitchInvoice.lsxtproj", "{D754297E-E261-44AF-B603-BFDC437D6140}"
EndProject
Project("{FAE04EC0-301F-11D3-BF4B-00C04F79EFBC}") = "LightSwitchInvoice.Server", "LightSwitchInvoice\LightSwitchInvoice.Server\LightSwitchInvoice.Server.csproj", "{9D33ECC3-74F6-4F2D-93E2-10AEA8440670}"
EndProject
Project("{FAE04EC0-301F-11D3-BF4B-00C04F79EFBC}") = "LightSwitchInvoice.DesktopClient", "LightSwitchInvoice\LightSwitchInvoice.DesktopClient\LightSwitchInvoice.DesktopClient.csproj", "{223E62D8-D7BC-464F-BBE4-AEFA940FA6FC}"
EndProject
Project("{FAE04EC0-301F-11D3-BF4B-00C04F79EFBC}") = "PrintControl", "PrintControl\PrintControl.csproj", "{6E5298C2-8621-4FF4-B226-C6EB317F5163}"
EndProject
Global
	GlobalSection(SolutionConfigurationPlatforms) = preSolution
		Debug|Any CPU = Debug|Any CPU
		Release|Any CPU = Release|Any CPU
	EndGlobalSection
	GlobalSection(ProjectConfigurationPlatforms) = postSolution
		{D754297E-E261-44AF-B603-BFDC437D6140}.Debug|Any CPU.ActiveCfg = Debug|Any CPU
		{D754297E-E261-44AF-B603-BFDC437D6140}.Debug|Any CPU.Build.0 = Debug|Any CPU
		{D754297E-E261-44AF-B603-BFDC437D6140}.Release|Any CPU.ActiveCfg = Release|Any CPU
		{D754297E-E261-44AF-B603-BFDC437D6140}.Release|Any CPU.Build.0 = Release|Any CPU
		{9D33ECC3-74F6-4F2D-93E2-10AEA8440670}.Debug|Any CPU.ActiveCfg = Debug|Any CPU
		{9D33ECC3-74F6-4F2D-93E2-10AEA8440670}.Debug|Any CPU.Build.0 = Debug|Any CPU
		{9D33ECC3-74F6-4F2D-93E2-10AEA8440670}.Release|Any CPU.ActiveCfg = Release|Any CPU
		{9D33ECC3-74F6-4F2D-93E2-10AEA8440670}.Release|Any CPU.Build.0 = Release|Any CPU
		{223E62D8-D7BC-464F-BBE4-AEFA940FA6FC}.Debug|Any CPU.ActiveCfg = Debug|Any CPU
		{223E62D8-D7BC-464F-BBE4-AEFA940FA6FC}.Debug|Any CPU.Build.0 = Debug|Any CPU
		{223E62D8-D7BC-464F-BBE4-AEFA940FA6FC}.Release|Any CPU.ActiveCfg = Release|Any CPU
		{223E62D8-D7BC-464F-BBE4-AEFA940FA6FC}.Release|Any CPU.Build.0 = Release|Any CPU
		{6E5298C2-8621-4FF4-B226-C6EB317F5163}.Debug|Any CPU.ActiveCfg = Debug|Any CPU
		{6E5298C2-8621-4FF4-B226-C6EB317F5163}.Debug|Any CPU.Build.0 = Debug|Any CPU
		{6E5298C2-8621-4FF4-B226-C6EB317F5163}.Release|Any CPU.ActiveCfg = Release|Any CPU
		{6E5298C2-8621-4FF4-B226-C6EB317F5163}.Release|Any CPU.Build.0 = Release|Any CPU
	EndGlobalSection
	GlobalSection(SolutionProperties) = preSolution
		HideSolutionNode = FALSE
	EndGlobalSection
EndGlobal
